
Microsoft Visual Studio Solution File, Format Version 12.00
# Visual Studio 2013
VisualStudioVersion = 12.0.21005.1
MinimumVisualStudioVersion = 10.0.40219.1
Project("{FAE04EC0-301F-11D3-BF4B-00C04F79EFBC}") = "AIMS_BD_IATI.Library", "AIMS_BD_IATI.Library\AIMS_BD_IATI.Library.csproj", "{7864245E-5463-4C47-B5EF-E44FE9748B84}"
EndProject
Project("{FAE04EC0-301F-11D3-BF4B-00C04F79EFBC}") = "AIMS_BD_IATI.Service", "AIMS_BD_IATI.Service\AIMS_BD_IATI.Service.csproj", "{3987F7B9-A726-4F6E-BE2E-A6ADB53A5E61}"
EndProject
Project("{FAE04EC0-301F-11D3-BF4B-00C04F79EFBC}") = "AIMS_BD_IATI.DAL", "AIMS_BD_IATI.DAL\AIMS_BD_IATI.DAL.csproj", "{EB82E9D6-C868-4155-8D20-5127C8AB1D1E}"
EndProject
Project("{FAE04EC0-301F-11D3-BF4B-00C04F79EFBC}") = "AIMS_BD_IATI", "AIMS_BD_IATI.Web\AIMS_BD_IATI.csproj", "{4A56661B-D5D7-4FEE-B296-490F83A127B0}"
EndProject
Global
	GlobalSection(SolutionConfigurationPlatforms) = preSolution
		Debug|Any CPU = Debug|Any CPU
		Release|Any CPU = Release|Any CPU
	EndGlobalSection
	GlobalSection(ProjectConfigurationPlatforms) = postSolution
		{7864245E-5463-4C47-B5EF-E44FE9748B84}.Debug|Any CPU.ActiveCfg = Debug|Any CPU
		{7864245E-5463-4C47-B5EF-E44FE9748B84}.Debug|Any CPU.Build.0 = Debug|Any CPU
		{7864245E-5463-4C47-B5EF-E44FE9748B84}.Release|Any CPU.ActiveCfg = Release|Any CPU
		{7864245E-5463-4C47-B5EF-E44FE9748B84}.Release|Any CPU.Build.0 = Release|Any CPU
		{3987F7B9-A726-4F6E-BE2E-A6ADB53A5E61}.Debug|Any CPU.ActiveCfg = Debug|Any CPU
		{3987F7B9-A726-4F6E-BE2E-A6ADB53A5E61}.Debug|Any CPU.Build.0 = Debug|Any CPU
		{3987F7B9-A726-4F6E-BE2E-A6ADB53A5E61}.Release|Any CPU.ActiveCfg = Release|Any CPU
		{3987F7B9-A726-4F6E-BE2E-A6ADB53A5E61}.Release|Any CPU.Build.0 = Release|Any CPU
		{EB82E9D6-C868-4155-8D20-5127C8AB1D1E}.Debug|Any CPU.ActiveCfg = Debug|Any CPU
		{EB82E9D6-C868-4155-8D20-5127C8AB1D1E}.Debug|Any CPU.Build.0 = Debug|Any CPU
		{EB82E9D6-C868-4155-8D20-5127C8AB1D1E}.Release|Any CPU.ActiveCfg = Release|Any CPU
		{EB82E9D6-C868-4155-8D20-5127C8AB1D1E}.Release|Any CPU.Build.0 = Release|Any CPU
		{4A56661B-D5D7-4FEE-B296-490F83A127B0}.Debug|Any CPU.ActiveCfg = Debug|Any CPU
		{4A56661B-D5D7-4FEE-B296-490F83A127B0}.Debug|Any CPU.Build.0 = Debug|Any CPU
		{4A56661B-D5D7-4FEE-B296-490F83A127B0}.Release|Any CPU.ActiveCfg = Release|Any CPU
		{4A56661B-D5D7-4FEE-B296-490F83A127B0}.Release|Any CPU.Build.0 = Release|Any CPU
	EndGlobalSection
	GlobalSection(SolutionProperties) = preSolution
		HideSolutionNode = FALSE
	EndGlobalSection
EndGlobal
